
Microsoft Visual Studio Solution File, Format Version 12.00
# Visual Studio 15
VisualStudioVersion = 15.0.27428.2043
MinimumVisualStudioVersion = 10.0.40219.1
Project("{FAE04EC0-301F-11D3-BF4B-00C04F79EFBC}") = "Danganronpa Another Tool", "Danganronpa Another Tool\Danganronpa Another Tool.csproj", "{32368198-04BE-4CE6-9C22-AB909D0905C6}"
EndProject
Project("{2150E333-8FDC-42A3-9474-1A3956D46DE8}") = "Kuriimu Compressor Stuff", "Kuriimu Compressor Stuff", "{915702C8-4407-4943-9ECB-39BBE6A9C39C}"
	ProjectSection(SolutionItems) = preProject
		Danganronpa Another Tool\Shared.cs = Danganronpa Another Tool\Shared.cs
	EndProjectSection
EndProject
Global
	GlobalSection(SolutionConfigurationPlatforms) = preSolution
		Debug|Any CPU = Debug|Any CPU
		Release|Any CPU = Release|Any CPU
	EndGlobalSection
	GlobalSection(ProjectConfigurationPlatforms) = postSolution
		{32368198-04BE-4CE6-9C22-AB909D0905C6}.Debug|Any CPU.ActiveCfg = Debug|Any CPU
		{32368198-04BE-4CE6-9C22-AB909D0905C6}.Debug|Any CPU.Build.0 = Debug|Any CPU
		{32368198-04BE-4CE6-9C22-AB909D0905C6}.Release|Any CPU.ActiveCfg = Release|Any CPU
		{32368198-04BE-4CE6-9C22-AB909D0905C6}.Release|Any CPU.Build.0 = Release|Any CPU
	EndGlobalSection
	GlobalSection(SolutionProperties) = preSolution
		HideSolutionNode = FALSE
	EndGlobalSection
	GlobalSection(ExtensibilityGlobals) = postSolution
		SolutionGuid = {0E14F103-94A8-4261-88A7-995D0625D924}
	EndGlobalSection
EndGlobal
